
Microsoft Visual Studio Solution File, Format Version 12.00
# Visual Studio Version 17
VisualStudioVersion = 17.14.36109.1 d17.14
MinimumVisualStudioVersion = 10.0.40219.1
Project("{FAE04EC0-301F-11D3-BF4B-00C04F79EFBC}") = "ФНС32", "ФНС32\ФНС32.csproj", "{B7E090A5-7ACD-4514-97F3-F0F194C45021}"
EndProject
Global
	GlobalSection(SolutionConfigurationPlatforms) = preSolution
		Debug|Any CPU = Debug|Any CPU
		Release|Any CPU = Release|Any CPU
	EndGlobalSection
	GlobalSection(ProjectConfigurationPlatforms) = postSolution
		{B7E090A5-7ACD-4514-97F3-F0F194C45021}.Debug|Any CPU.ActiveCfg = Debug|Any CPU
		{B7E090A5-7ACD-4514-97F3-F0F194C45021}.Debug|Any CPU.Build.0 = Debug|Any CPU
		{B7E090A5-7ACD-4514-97F3-F0F194C45021}.Release|Any CPU.ActiveCfg = Release|Any CPU
		{B7E090A5-7ACD-4514-97F3-F0F194C45021}.Release|Any CPU.Build.0 = Release|Any CPU
	EndGlobalSection
	GlobalSection(SolutionProperties) = preSolution
		HideSolutionNode = FALSE
	EndGlobalSection
	GlobalSection(ExtensibilityGlobals) = postSolution
		SolutionGuid = {3BB57D5F-3EDE-448A-982C-056DF5A270B5}
	EndGlobalSection
EndGlobal
